[[package]]
name = "aiofiles"
version = "22.1.0"
requires_python = ">=3.7,<4.0"
summary = "File support for asyncio."

[metadata]
lock_version = "4.0"
content_hash = "sha256:956c69fc568f367eec2443183d3b858feefefab8a6e9c5148f5befd638a1d294"

[metadata.files]
"aiofiles 22.1.0" = [
    {url = "https://files.pythonhosted.org/packages/86/26/6e5060a159a6131c430e8a01ec8327405a19a449a506224b394e36f2ebc9/aiofiles-22.1.0.tar.gz", hash = "sha256:9107f1ca0b2a5553987a94a3c9959fe5b491fdf731389aa5b7b1bd0733e32de6"},
    {url = "https://files.pythonhosted.org/packages/a0/48/d5d1ab7cfe46e573c3694fa1365442a7d7cadc3abb03d8507e58a3755bb2/aiofiles-22.1.0-py3-none-any.whl", hash = "sha256:1142fa8e80dbae46bb6339573ad4c8c0841358f79c6eb50a493dceca14621bad"},
]
